
Microsoft Visual Studio Solution File, Format Version 10.00
# Visual Studio 2008
Project("{8BC9CEB8-8B4A-11D0-8D11-00A0C91BC942}") = "Gl_Template1", "Gl_Template1.vcproj", "{911F2910-32B9-4DC4-8EB8-1703C6412618}"
EndProject
Global
	GlobalSection(SolutionConfigurationPlatforms) = preSolution
		Debug|Win32 = Debug|Win32
		Release|Win32 = Release|Win32
	EndGlobalSection
	GlobalSection(ProjectConfigurationPlatforms) = postSolution
		{911F2910-32B9-4DC4-8EB8-1703C6412618}.Debug|Win32.ActiveCfg = Debug|Win32
		{911F2910-32B9-4DC4-8EB8-1703C6412618}.Debug|Win32.Build.0 = Debug|Win32
		{911F2910-32B9-4DC4-8EB8-1703C6412618}.Release|Win32.ActiveCfg = Release|Win32
		{911F2910-32B9-4DC4-8EB8-1703C6412618}.Release|Win32.Build.0 = Release|Win32
	EndGlobalSection
	GlobalSection(SolutionProperties) = preSolution
		HideSolutionNode = FALSE
	EndGlobalSection
EndGlobal
